
Microsoft Visual Studio Solution File, Format Version 12.00
# Visual Studio Version 16
VisualStudioVersion = 16.0.31129.286
MinimumVisualStudioVersion = 10.0.40219.1
Project("{9A19103F-16F7-4668-BE54-9A1E7A4F7556}") = "KampIntro", "KampIntro\KampIntro.csproj", "{9C49DA20-6C6D-4FF5-B3B5-28F0DD2495AB}"
EndProject
Project("{9A19103F-16F7-4668-BE54-9A1E7A4F7556}") = "Donguler", "Donguler\Donguler.csproj", "{FBA7A790-877B-43B5-9AD4-F1310B605F25}"
EndProject
Project("{9A19103F-16F7-4668-BE54-9A1E7A4F7556}") = "ClassIntro", "ClassIntro\ClassIntro.csproj", "{1082E931-83A1-4625-BF02-B6488C22CE32}"
EndProject
Project("{9A19103F-16F7-4668-BE54-9A1E7A4F7556}") = "Methods", "Methods\Methods.csproj", "{3169702E-3639-488D-9588-043F97A83F0F}"
EndProject
Project("{9A19103F-16F7-4668-BE54-9A1E7A4F7556}") = "DortIslem", "DortIslem\DortIslem.csproj", "{439F42E1-ECF1-4FF8-A1D7-E61EA90A6C12}"
EndProject
Project("{9A19103F-16F7-4668-BE54-9A1E7A4F7556}") = "DegerVeReferansTipler", "DegerVeReferansTipler\DegerVeReferansTipler.csproj", "{C63607D1-D621-41BC-9D17-2F97492A3488}"
EndProject
Project("{9A19103F-16F7-4668-BE54-9A1E7A4F7556}") = "OOP1", "OOP1\OOP1.csproj", "{50ECC3EB-B3BC-4E13-AC47-206812814D1E}"
EndProject
Project("{9A19103F-16F7-4668-BE54-9A1E7A4F7556}") = "Koleksiyonlar", "Koleksiyonlar\Koleksiyonlar.csproj", "{7D4BCF15-2FB8-481F-B067-9A5ED12A00BC}"
EndProject
Project("{9A19103F-16F7-4668-BE54-9A1E7A4F7556}") = "GenericsIntro", "GenericsIntro\GenericsIntro.csproj", "{E153A2FD-4789-4BF9-9FE9-3E7E108E1ED6}"
EndProject
Project("{FAE04EC0-301F-11D3-BF4B-00C04F79EFBC}") = "OOP2", "OOP2\OOP2.csproj", "{7A515055-BC20-4B58-A5DA-8A334020CE86}"
EndProject
Project("{FAE04EC0-301F-11D3-BF4B-00C04F79EFBC}") = "OOP3", "OOP3\OOP3.csproj", "{33FB7357-19F0-4F06-AAE6-DAF782F0DBB6}"
EndProject
Global
	GlobalSection(SolutionConfigurationPlatforms) = preSolution
		Debug|Any CPU = Debug|Any CPU
		Release|Any CPU = Release|Any CPU
	EndGlobalSection
	GlobalSection(ProjectConfigurationPlatforms) = postSolution
		{9C49DA20-6C6D-4FF5-B3B5-28F0DD2495AB}.Debug|Any CPU.ActiveCfg = Debug|Any CPU
		{9C49DA20-6C6D-4FF5-B3B5-28F0DD2495AB}.Debug|Any CPU.Build.0 = Debug|Any CPU
		{9C49DA20-6C6D-4FF5-B3B5-28F0DD2495AB}.Release|Any CPU.ActiveCfg = Release|Any CPU
		{9C49DA20-6C6D-4FF5-B3B5-28F0DD2495AB}.Release|Any CPU.Build.0 = Release|Any CPU
		{FBA7A790-877B-43B5-9AD4-F1310B605F25}.Debug|Any CPU.ActiveCfg = Debug|Any CPU
		{FBA7A790-877B-43B5-9AD4-F1310B605F25}.Debug|Any CPU.Build.0 = Debug|Any CPU
		{FBA7A790-877B-43B5-9AD4-F1310B605F25}.Release|Any CPU.ActiveCfg = Release|Any CPU
		{FBA7A790-877B-43B5-9AD4-F1310B605F25}.Release|Any CPU.Build.0 = Release|Any CPU
		{1082E931-83A1-4625-BF02-B6488C22CE32}.Debug|Any CPU.ActiveCfg = Debug|Any CPU
		{1082E931-83A1-4625-BF02-B6488C22CE32}.Debug|Any CPU.Build.0 = Debug|Any CPU
		{1082E931-83A1-4625-BF02-B6488C22CE32}.Release|Any CPU.ActiveCfg = Release|Any CPU
		{1082E931-83A1-4625-BF02-B6488C22CE32}.Release|Any CPU.Build.0 = Release|Any CPU
		{3169702E-3639-488D-9588-043F97A83F0F}.Debug|Any CPU.ActiveCfg = Debug|Any CPU
		{3169702E-3639-488D-9588-043F97A83F0F}.Debug|Any CPU.Build.0 = Debug|Any CPU
		{3169702E-3639-488D-9588-043F97A83F0F}.Release|Any CPU.ActiveCfg = Release|Any CPU
		{3169702E-3639-488D-9588-043F97A83F0F}.Release|Any CPU.Build.0 = Release|Any CPU
		{439F42E1-ECF1-4FF8-A1D7-E61EA90A6C12}.Debug|Any CPU.ActiveCfg = Debug|Any CPU
		{439F42E1-ECF1-4FF8-A1D7-E61EA90A6C12}.Debug|Any CPU.Build.0 = Debug|Any CPU
		{439F42E1-ECF1-4FF8-A1D7-E61EA90A6C12}.Release|Any CPU.ActiveCfg = Release|Any CPU
		{439F42E1-ECF1-4FF8-A1D7-E61EA90A6C12}.Release|Any CPU.Build.0 = Release|Any CPU
		{C63607D1-D621-41BC-9D17-2F97492A3488}.Debug|Any CPU.ActiveCfg = Debug|Any CPU
		{C63607D1-D621-41BC-9D17-2F97492A3488}.Debug|Any CPU.Build.0 = Debug|Any CPU
		{C63607D1-D621-41BC-9D17-2F97492A3488}.Release|Any CPU.ActiveCfg = Release|Any CPU
		{C63607D1-D621-41BC-9D17-2F97492A3488}.Release|Any CPU.Build.0 = Release|Any CPU
		{50ECC3EB-B3BC-4E13-AC47-206812814D1E}.Debug|Any CPU.ActiveCfg = Debug|Any CPU
		{50ECC3EB-B3BC-4E13-AC47-206812814D1E}.Debug|Any CPU.Build.0 = Debug|Any CPU
		{50ECC3EB-B3BC-4E13-AC47-206812814D1E}.Release|Any CPU.ActiveCfg = Release|Any CPU
		{50ECC3EB-B3BC-4E13-AC47-206812814D1E}.Release|Any CPU.Build.0 = Release|Any CPU
		{7D4BCF15-2FB8-481F-B067-9A5ED12A00BC}.Debug|Any CPU.ActiveCfg = Debug|Any CPU
		{7D4BCF15-2FB8-481F-B067-9A5ED12A00BC}.Debug|Any CPU.Build.0 = Debug|Any CPU
		{7D4BCF15-2FB8-481F-B067-9A5ED12A00BC}.Release|Any CPU.ActiveCfg = Release|Any CPU
		{7D4BCF15-2FB8-481F-B067-9A5ED12A00BC}.Release|Any CPU.Build.0 = Release|Any CPU
		{E153A2FD-4789-4BF9-9FE9-3E7E108E1ED6}.Debug|Any CPU.ActiveCfg = Debug|Any CPU
		{E153A2FD-4789-4BF9-9FE9-3E7E108E1ED6}.Debug|Any CPU.Build.0 = Debug|Any CPU
		{E153A2FD-4789-4BF9-9FE9-3E7E108E1ED6}.Release|Any CPU.ActiveCfg = Release|Any CPU
		{E153A2FD-4789-4BF9-9FE9-3E7E108E1ED6}.Release|Any CPU.Build.0 = Release|Any CPU
		{7A515055-BC20-4B58-A5DA-8A334020CE86}.Debug|Any CPU.ActiveCfg = Debug|Any CPU
		{7A515055-BC20-4B58-A5DA-8A334020CE86}.Debug|Any CPU.Build.0 = Debug|Any CPU
		{7A515055-BC20-4B58-A5DA-8A334020CE86}.Release|Any CPU.ActiveCfg = Release|Any CPU
		{7A515055-BC20-4B58-A5DA-8A334020CE86}.Release|Any CPU.Build.0 = Release|Any CPU
		{33FB7357-19F0-4F06-AAE6-DAF782F0DBB6}.Debug|Any CPU.ActiveCfg = Debug|Any CPU
		{33FB7357-19F0-4F06-AAE6-DAF782F0DBB6}.Debug|Any CPU.Build.0 = Debug|Any CPU
		{33FB7357-19F0-4F06-AAE6-DAF782F0DBB6}.Release|Any CPU.ActiveCfg = Release|Any CPU
		{33FB7357-19F0-4F06-AAE6-DAF782F0DBB6}.Release|Any CPU.Build.0 = Release|Any CPU
	EndGlobalSection
	GlobalSection(SolutionProperties) = preSolution
		HideSolutionNode = FALSE
	EndGlobalSection
	GlobalSection(ExtensibilityGlobals) = postSolution
		SolutionGuid = {3B973BF7-5034-4D7B-B8D6-B16485D71E0A}
	EndGlobalSection
EndGlobal
